{
  "version": 4,
  "terraform_version": "1.11.3",
  "serial": 12,
  "lineage": "727512d3-68e0-226f-520d-55e2a3b14aed",
  "outputs": {},
  "resources": [
    {
      "mode": "managed",
      "type": "local_file",
      "name": "test",
      "provider": "provider[\"registry.terraform.io/hashicorp/local\"]",
      "instances": [
        {
          "schema_version": 0,
          "attributes": {
            "content": "hello terraform..!!",
            "content_base64": null,
            "content_base64sha256": "wYHmwtKYCu5RHzVIPHr6gOi7ecTlrhu7FRlMGoCMe1s=",
            "content_base64sha512": "oQwLOmHdM0ORO+v4gU0fb0fsi9mOiN7SieEYbYs8aH7N/zlIyfMhknJM+Nol+Dklz26pUPbVyg3h8XAufsKgcg==",
            "content_md5": "53dbaee777cf2d7dcad89730b181683d",
            "content_sha1": "baedbff1df66fd393c695d10179524286a61d1a1",
            "content_sha256": "c181e6c2d2980aee511f35483c7afa80e8bb79c4e5ae1bbb15194c1a808c7b5b",
            "content_sha512": "a10c0b3a61dd3343913bebf8814d1f6f47ec8bd98e88ded289e1186d8b3c687ecdff3948c9f32192724cf8da25f83925cf6ea950f6d5ca0de1f1702e7ec2a072",
            "directory_permission": "0777",
            "file_permission": "0777",
            "filename": "abc.txt",
            "id": "baedbff1df66fd393c695d10179524286a61d1a1",
            "sensitive_content": null,
            "source": null
          },
          "sensitive_attributes": [
            [
              {
                "type": "get_attr",
                "value": "sensitive_content"
              }
            ]
          ]
        }
      ]
    },
    {
      "mode": "managed",
      "type": "local_file",
      "name": "test1",
      "provider": "provider[\"registry.terraform.io/hashicorp/local\"]",
      "instances": [
        {
          "schema_version": 0,
          "attributes": {
            "content": "hello terraform",
            "content_base64": null,
            "content_base64sha256": "AulD8pBMkqmSPVj5zyhVhqeiNtpxmMJL2R1HQaWl3Ms=",
            "content_base64sha512": "AdrATtSpQbl8u5k3qYRFQWfvYdnlGeEqypjT3uQIbMd4EwFBNnUEB9j1NUsuonWBBpOfB3r+qCE1xs1ai2E3LA==",
            "content_md5": "1d5074dcf92a1f864bc79251100fddac",
            "content_sha1": "7658d663d255c6ba8bfe2c02bf7f82c93c4e6e1f",
            "content_sha256": "02e943f2904c92a9923d58f9cf285586a7a236da7198c24bd91d4741a5a5dccb",
            "content_sha512": "01dac04ed4a941b97cbb9937a984454167ef61d9e519e12aca98d3dee4086cc77813014136750407d8f5354b2ea2758106939f077afea82135c6cd5a8b61372c",
            "directory_permission": "0777",
            "file_permission": "0777",
            "filename": "testfile.txt",
            "id": "7658d663d255c6ba8bfe2c02bf7f82c93c4e6e1f",
            "sensitive_content": null,
            "source": null
          },
          "sensitive_attributes": [
            [
              {
                "type": "get_attr",
                "value": "sensitive_content"
              }
            ]
          ]
        }
      ]
    }
  ],
  "check_results": null
}
